
Microsoft Visual Studio Solution File, Format Version 12.00
Project("{FAE04EC0-301F-11D3-BF4B-00C04F79EFBC}") = "Loom.Core", "Loom.Core\Loom.Core.csproj", "{0CF89972-8F53-4B52-8BC4-F31A3A530750}"
EndProject
Project("{FAE04EC0-301F-11D3-BF4B-00C04F79EFBC}") = "Loom.CLI", "Loom.CLI\Loom.CLI.csproj", "{4472B573-20FD-48C2-AF2E-FA968532C779}"
EndProject
Project("{FAE04EC0-301F-11D3-BF4B-00C04F79EFBC}") = "Loom.Testing", "Loom.Testing\Loom.Testing.csproj", "{9995EF26-8479-43A8-9973-4DAA5C980D17}"
EndProject
Project("{FAE04EC0-301F-11D3-BF4B-00C04F79EFBC}") = "Loom.Luau", "Loom.Luau\Loom.Luau.csproj", "{D7E098A5-CCB8-4766-B33D-1826D9D0819A}"
EndProject
Project("{FAE04EC0-301F-11D3-BF4B-00C04F79EFBC}") = "Loom.Config", "Loom.Config\Loom.Config.csproj", "{F6156B15-2881-443C-83F6-0604C7585F17}"
EndProject
Project("{FAE04EC0-301F-11D3-BF4B-00C04F79EFBC}") = "Loom.Tools", "Loom.Tools\Loom.Tools.csproj", "{0DBB897D-D2C6-4F6C-8C50-6D8F40C3A704}"
EndProject
Global
	GlobalSection(SolutionConfigurationPlatforms) = preSolution
		Debug|Any CPU = Debug|Any CPU
		Release|Any CPU = Release|Any CPU
	EndGlobalSection
	GlobalSection(ProjectConfigurationPlatforms) = postSolution
		{0CF89972-8F53-4B52-8BC4-F31A3A530750}.Debug|Any CPU.ActiveCfg = Debug|Any CPU
		{0CF89972-8F53-4B52-8BC4-F31A3A530750}.Debug|Any CPU.Build.0 = Debug|Any CPU
		{0CF89972-8F53-4B52-8BC4-F31A3A530750}.Release|Any CPU.ActiveCfg = Release|Any CPU
		{0CF89972-8F53-4B52-8BC4-F31A3A530750}.Release|Any CPU.Build.0 = Release|Any CPU
		{4472B573-20FD-48C2-AF2E-FA968532C779}.Debug|Any CPU.ActiveCfg = Debug|Any CPU
		{4472B573-20FD-48C2-AF2E-FA968532C779}.Debug|Any CPU.Build.0 = Debug|Any CPU
		{4472B573-20FD-48C2-AF2E-FA968532C779}.Release|Any CPU.ActiveCfg = Release|Any CPU
		{4472B573-20FD-48C2-AF2E-FA968532C779}.Release|Any CPU.Build.0 = Release|Any CPU
		{9995EF26-8479-43A8-9973-4DAA5C980D17}.Debug|Any CPU.ActiveCfg = Debug|Any CPU
		{9995EF26-8479-43A8-9973-4DAA5C980D17}.Debug|Any CPU.Build.0 = Debug|Any CPU
		{9995EF26-8479-43A8-9973-4DAA5C980D17}.Release|Any CPU.ActiveCfg = Release|Any CPU
		{9995EF26-8479-43A8-9973-4DAA5C980D17}.Release|Any CPU.Build.0 = Release|Any CPU
		{D7E098A5-CCB8-4766-B33D-1826D9D0819A}.Debug|Any CPU.ActiveCfg = Debug|Any CPU
		{D7E098A5-CCB8-4766-B33D-1826D9D0819A}.Debug|Any CPU.Build.0 = Debug|Any CPU
		{D7E098A5-CCB8-4766-B33D-1826D9D0819A}.Release|Any CPU.ActiveCfg = Release|Any CPU
		{D7E098A5-CCB8-4766-B33D-1826D9D0819A}.Release|Any CPU.Build.0 = Release|Any CPU
		{F6156B15-2881-443C-83F6-0604C7585F17}.Debug|Any CPU.ActiveCfg = Debug|Any CPU
		{F6156B15-2881-443C-83F6-0604C7585F17}.Debug|Any CPU.Build.0 = Debug|Any CPU
		{F6156B15-2881-443C-83F6-0604C7585F17}.Release|Any CPU.ActiveCfg = Release|Any CPU
		{F6156B15-2881-443C-83F6-0604C7585F17}.Release|Any CPU.Build.0 = Release|Any CPU
		{0DBB897D-D2C6-4F6C-8C50-6D8F40C3A704}.Debug|Any CPU.ActiveCfg = Debug|Any CPU
		{0DBB897D-D2C6-4F6C-8C50-6D8F40C3A704}.Debug|Any CPU.Build.0 = Debug|Any CPU
		{0DBB897D-D2C6-4F6C-8C50-6D8F40C3A704}.Release|Any CPU.ActiveCfg = Release|Any CPU
		{0DBB897D-D2C6-4F6C-8C50-6D8F40C3A704}.Release|Any CPU.Build.0 = Release|Any CPU
	EndGlobalSection
EndGlobal
